{
  "name": "spotrip",
  "version": "2.1.2",
  "lockfileVersion": 2,
  "requires": true,
  "packages": {
    "": {
      "version": "2.1.2",
      "license": "ISC",
      "dependencies": {
        "@lukeed/ms": "^2.0.0",
        "logjs": "github:ludlovian/logjs",
        "pixutil": "github:ludlovian/pixutil#semver:^1.1.0",
        "progress-stream": "github:ludlovian/progress-stream",
        "retry": "github:ludlovian/retry",
        "slugify": "^1.5.0",
        "speedo": "github:ludlovian/speedo"
      }
    },
    "node_modules/@lukeed/ms": {
      "version": "2.0.0",
      "resolved": "https://registry.npmjs.org/@lukeed/ms/-/ms-2.0.0.tgz",
      "integrity": "sha512-NOlhE40rGptwLwJhE0ZW259hcoa+nkpQRQ1FUKV4Sr2z1Eh2WfkHQ3jjBNF7YEqOrF0TOpqnyU1wClvWBrXByg==",
      "engines": {
        "node": ">=8"
      }
    },
    "node_modules/kleur": {
      "version": "4.1.4",
      "resolved": "https://registry.npmjs.org/kleur/-/kleur-4.1.4.tgz",
      "integrity": "sha512-8QADVssbrFjivHWQU7KkMgptGTl6WAcSdlbBPY4uNF+mWr6DGcKrvY2w4FQJoXch7+fKMjj0dRrL75vk3k23OA==",
      "engines": {
        "node": ">=6"
      }
    },
    "node_modules/logjs": {
      "version": "1.2.1",
      "resolved": "git+ssh://git@github.com/ludlovian/logjs.git#a22fe249577a37356b85b79a868d4eab174cdace",
      "license": "Unlicense",
      "dependencies": {
        "kleur": "^4.1.4"
      }
    },
    "node_modules/pixutil": {
      "version": "1.1.0",
      "resolved": "git+ssh://git@github.com/ludlovian/pixutil.git#6cdedd770698ce098aee3cbe5ef1825aa17330f9",
      "license": "Unlicense"
    },
    "node_modules/progress-stream": {
      "version": "2.0.1",
      "resolved": "git+ssh://git@github.com/ludlovian/progress-stream.git#89c80df50d6cc8f788346c41c679e8cf3885a5d6",
      "license": "Unlicense"
    },
    "node_modules/retry": {
      "version": "1.2.1",
      "resolved": "git+ssh://git@github.com/ludlovian/retry.git#c1f73779009d005043202dcbcebe8ad06a9e993d",
      "license": "Unlicense"
    },
    "node_modules/slugify": {
      "version": "1.5.1",
      "resolved": "https://registry.npmjs.org/slugify/-/slugify-1.5.1.tgz",
      "integrity": "sha512-54gP60qIkxaUCFXORn/u+tNPqdTsqvqonB2nxjQV52wWTCuJJ4kbfU7URkpn8646Lr2T3CSh8ecDzzBK/dD9jA==",
      "engines": {
        "node": ">=8.0.0"
      }
    },
    "node_modules/speedo": {
      "version": "2.0.0",
      "resolved": "git+ssh://git@github.com/ludlovian/speedo.git#d1a28773f571ae36c78173a82a3dfc945cd34b64",
      "license": "Unlicense"
    }
  },
  "dependencies": {
    "@lukeed/ms": {
      "version": "2.0.0",
      "resolved": "https://registry.npmjs.org/@lukeed/ms/-/ms-2.0.0.tgz",
      "integrity": "sha512-NOlhE40rGptwLwJhE0ZW259hcoa+nkpQRQ1FUKV4Sr2z1Eh2WfkHQ3jjBNF7YEqOrF0TOpqnyU1wClvWBrXByg=="
    },
    "kleur": {
      "version": "4.1.4",
      "resolved": "https://registry.npmjs.org/kleur/-/kleur-4.1.4.tgz",
      "integrity": "sha512-8QADVssbrFjivHWQU7KkMgptGTl6WAcSdlbBPY4uNF+mWr6DGcKrvY2w4FQJoXch7+fKMjj0dRrL75vk3k23OA=="
    },
    "logjs": {
      "version": "git+ssh://git@github.com/ludlovian/logjs.git#a22fe249577a37356b85b79a868d4eab174cdace",
      "from": "logjs@github:ludlovian/logjs",
      "requires": {
        "kleur": "^4.1.4"
      }
    },
    "pixutil": {
      "version": "git+ssh://git@github.com/ludlovian/pixutil.git#6cdedd770698ce098aee3cbe5ef1825aa17330f9",
      "from": "pixutil@github:ludlovian/pixutil#semver:^1.1.0"
    },
    "progress-stream": {
      "version": "git+ssh://git@github.com/ludlovian/progress-stream.git#89c80df50d6cc8f788346c41c679e8cf3885a5d6",
      "from": "progress-stream@github:ludlovian/progress-stream"
    },
    "retry": {
      "version": "git+ssh://git@github.com/ludlovian/retry.git#c1f73779009d005043202dcbcebe8ad06a9e993d",
      "from": "retry@github:ludlovian/retry"
    },
    "slugify": {
      "version": "1.5.1",
      "resolved": "https://registry.npmjs.org/slugify/-/slugify-1.5.1.tgz",
      "integrity": "sha512-54gP60qIkxaUCFXORn/u+tNPqdTsqvqonB2nxjQV52wWTCuJJ4kbfU7URkpn8646Lr2T3CSh8ecDzzBK/dD9jA=="
    },
    "speedo": {
      "version": "git+ssh://git@github.com/ludlovian/speedo.git#d1a28773f571ae36c78173a82a3dfc945cd34b64",
      "from": "speedo@github:ludlovian/speedo"
    }
  }
}
